
Microsoft Visual Studio Solution File, Format Version 12.00
# Visual Studio Version 16
VisualStudioVersion = 16.0.29102.190
MinimumVisualStudioVersion = 10.0.40219.1
Project("{FAE04EC0-301F-11D3-BF4B-00C04F79EFBC}") = "Acc_Atenuation", "Acc_Atenuation\Acc_Atenuation.csproj", "{ECB57A0B-9610-4707-AD25-8DC67DC2FB94}"
EndProject
Global
	GlobalSection(SolutionConfigurationPlatforms) = preSolution
		Debug|Any CPU = Debug|Any CPU
		Release|Any CPU = Release|Any CPU
	EndGlobalSection
	GlobalSection(ProjectConfigurationPlatforms) = postSolution
		{ECB57A0B-9610-4707-AD25-8DC67DC2FB94}.Debug|Any CPU.ActiveCfg = Debug|Any CPU
		{ECB57A0B-9610-4707-AD25-8DC67DC2FB94}.Debug|Any CPU.Build.0 = Debug|Any CPU
		{ECB57A0B-9610-4707-AD25-8DC67DC2FB94}.Release|Any CPU.ActiveCfg = Release|Any CPU
		{ECB57A0B-9610-4707-AD25-8DC67DC2FB94}.Release|Any CPU.Build.0 = Release|Any CPU
	EndGlobalSection
	GlobalSection(SolutionProperties) = preSolution
		HideSolutionNode = FALSE
	EndGlobalSection
	GlobalSection(ExtensibilityGlobals) = postSolution
		SolutionGuid = {EEC799A8-F450-46B3-9E77-D5809EEDF0BB}
	EndGlobalSection
EndGlobal
